github.com/nil-go/konf v1.4.0 h1:8zoCK+6cYwUFZNvH0HZcyNBMUL63G7J9IF5ldtZUy2c=
github.com/nil-go/konf v1.4.0/go.mod h1:bQLME1hPLOejP89PlJGJ9DuofOKTsy/JcOjvWRHf0Fg=
github.com/nil-go/sloth v0.3.0 h1:lAqd8/pH6psoXZDpScCefY+3V9PVfJnIyOqMK1GSvwo=
github.com/nil-go/sloth v0.3.0/go.mod h1:SE8dLU9DLYeuLtu3kHp9PUEyj0OwUGKvTjSpx8tPdwo=
golang.org/x/net v0.32.0 h1:ZqPmj8Kzc+Y6e0+skZsuACbx+wzMgo5MQsJh9Qd6aYI=
golang.org/x/net v0.32.0/go.mod h1:CwU0IoeOlnQQWJ6ioyFrfRuomB8GKF6KbYXZVyeXNfs=
golang.org/x/text v0.21.0 h1:zyQAAkrwaneQ066sspRyJaG9VNi/YJ1NfzcGB3hZ/qo=
golang.org/x/text v0.21.0/go.mod h1:4IBbMaMmOPCJ8SecivzSH54+73PCFmPWxNTLm+vZkEQ=
