github.com/nil-go/konf v1.2.1 h1:2sfvMULF7gUhteuKds1OdZ5tYdD792L0j69b+RoHgSo=
github.com/nil-go/konf v1.2.1/go.mod h1:ULW6PmJzWMd0F4KKNJQPhWD6Zu5eoX9U1C9SW2BPAr4=
github.com/nil-go/sloth v0.3.0 h1:lAqd8/pH6psoXZDpScCefY+3V9PVfJnIyOqMK1GSvwo=
github.com/nil-go/sloth v0.3.0/go.mod h1:SE8dLU9DLYeuLtu3kHp9PUEyj0OwUGKvTjSpx8tPdwo=
golang.org/x/net v0.27.0 h1:5K3Njcw06/l2y9vpGCSdcxWOYHOUk3dVNGDXN+FvAys=
golang.org/x/net v0.27.0/go.mod h1:dDi0PyhWNoiUOrAS8uXv/vnScO4wnHQO4mj9fn/RytE=
golang.org/x/text v0.16.0 h1:a94ExnEXNtEwYLGJSIUxnWoxoRz/ZcCsV63ROupILh4=
golang.org/x/text v0.16.0/go.mod h1:GhwF1Be+LQoKShO3cGOHzqOgRrGaYc9AvblQOmPVHnI=
