cloud.google.com/go/compute v1.23.3 h1:6sVlXXBmbd7jNX0Ipq0trII3e4n1/MsADLK6a+aiVlk=
cloud.google.com/go/compute v1.23.3/go.mod h1:VCgBUoMnIVIR0CscqQiPJLAG25E3ZRZMzcFZeQ+h8CI=
cloud.google.com/go/compute/metadata v0.2.3 h1:mg4jlk7mCAj6xXp9UJ4fjI9VUI5rubuGBW5aJ7UnBMY=
cloud.google.com/go/compute/metadata v0.2.3/go.mod h1:VAV5nSsACxMJvgaAuX6Pk2AawlZn8kiOGuCv6gTkwuA=
github.com/cncf/xds/go v0.0.0-20231128003011-0fa0005c9caa h1:jQCWAUqqlij9Pgj2i/PB79y4KOPYVyFYdROxgaCwdTQ=
github.com/cncf/xds/go v0.0.0-20231128003011-0fa0005c9caa/go.mod h1:x/1Gn8zydmfq8dk6e9PdstVsDgu9RuyIIJqAaF//0IM=
github.com/davecgh/go-spew v1.1.1 h1:vj9j/u1bqnvCEfJOwUhtlOARqs3+rkHYY13jYWTU97c=
github.com/davecgh/go-spew v1.1.1/go.mod h1:J7Y8YcW2NihsgmVo/mv3lAwl/skON4iLHjSsI+c5H38=
github.com/envoyproxy/protoc-gen-validate v1.0.4 h1:gVPz/FMfvh57HdSJQyvBtF00j8JU4zdyUgIUNhlgg0A=
github.com/envoyproxy/protoc-gen-validate v1.0.4/go.mod h1:qys6tmnRsYrQqIhm2bvKZH4Blx/1gTIZ2UKVY1M+Yew=
github.com/go-logr/logr v1.2.2/go.mod h1:jdQByPbusPIv2/zmleS9BjJVeZ6kBagPoEUsqbVz/1A=
github.com/go-logr/logr v1.4.1 h1:pKouT5E8xu9zeFC39JXRDukb6JFQPXM5p5I91188VAQ=
github.com/go-logr/logr v1.4.1/go.mod h1:9T104GzyrTigFIr8wt5mBrctHMim0Nb2HLGrmQ40KvY=
github.com/go-logr/stdr v1.2.2 h1:hSWxHoqTgW2S2qGc0LTAI563KZ5YKYRhT3MFKZMbjag=
github.com/go-logr/stdr v1.2.2/go.mod h1:mMo/vtBO5dYbehREoey6XUKy/eSumjCCveDpRre4VKE=
github.com/golang/protobuf v1.5.0/go.mod h1:FsONVRAS9T7sI+LIUmWTfcYkHO4aIWwzhcaSAoJOfIk=
github.com/golang/protobuf v1.5.2/go.mod h1:XVQd3VNwM+JqD3oG2Ue2ip4fOMUkwXdXDdiuN0vRsmY=
github.com/golang/protobuf v1.5.4 h1:i7eJL8qZTpSEXOPTxNKhASYpMn+8e5Q6AdndVa1dWek=
github.com/golang/protobuf v1.5.4/go.mod h1:lnTiLA8Wa4RWRcIUkrtSVa5nRhsEGBg48fD6rSs7xps=
github.com/google/go-cmp v0.5.5/go.mod h1:v8dTdLbMG2kIc/vJvl+f65V22dbkXbowE6jgT/gNBxE=
github.com/google/go-cmp v0.6.0 h1:ofyhxvXcZhMsU5ulbFiLKl/XBFqE1GSq7atu8tAmTRI=
github.com/google/go-cmp v0.6.0/go.mod h1:17dUlkBOakJ0+DkrSSNjCkIjxS6bF9zb3elmeNGIjoY=
github.com/nil-go/konf v1.0.0 h1:vz8qW1KEy7x9H9ti4rA9mDOOtLCkWFq3SfH0vqmP0ck=
github.com/nil-go/konf v1.0.0/go.mod h1:ULW6PmJzWMd0F4KKNJQPhWD6Zu5eoX9U1C9SW2BPAr4=
github.com/nil-go/sloth v0.3.0 h1:lAqd8/pH6psoXZDpScCefY+3V9PVfJnIyOqMK1GSvwo=
github.com/nil-go/sloth v0.3.0/go.mod h1:SE8dLU9DLYeuLtu3kHp9PUEyj0OwUGKvTjSpx8tPdwo=
github.com/pmezard/go-difflib v1.0.0 h1:4DBwDE0NGyQoBHbLQYPwSUPoCMWR5BEzIk/f1lZbAQM=
github.com/pmezard/go-difflib v1.0.0/go.mod h1:iKH77koFhYxTK1pcRnkKkqfTogsbg7gZNVY4sRDYZ/4=
github.com/stretchr/testify v1.9.0 h1:HtqpIVDClZ4nwg75+f6Lvsy/wHu+3BoSGCbBAcpTsTg=
github.com/stretchr/testify v1.9.0/go.mod h1:r2ic/lqez/lEtzL7wO/rwa5dbSLXVDPFyf8C91i36aY=
github.com/yuin/goldmark v1.4.13/go.mod h1:6yULJ656Px+3vBD8DxQVa3kxgyrAnzto9xy5taEt/CY=
go.opentelemetry.io/contrib/instrumentation/google.golang.org/grpc/otelgrpc v0.49.0 h1:4Pp6oUg3+e/6M4C0A/3kJ2VYa++dsWVTtGgLVj5xtHg=
go.opentelemetry.io/contrib/instrumentation/google.golang.org/grpc/otelgrpc v0.49.0/go.mod h1:Mjt1i1INqiaoZOMGR1RIUJN+i3ChKoFRqzrRQhlkbs0=
go.opentelemetry.io/otel v1.25.0 h1:gldB5FfhRl7OJQbUHt/8s0a7cE8fbsPAtdpRaApKy4k=
go.opentelemetry.io/otel v1.25.0/go.mod h1:Wa2ds5NOXEMkCmUou1WA7ZBfLTHWIsp034OVD7AO+Vg=
go.opentelemetry.io/otel/metric v1.25.0 h1:LUKbS7ArpFL/I2jJHdJcqMGxkRdxpPHE0VU/D4NuEwA=
go.opentelemetry.io/otel/metric v1.25.0/go.mod h1:rkDLUSd2lC5lq2dFNrX9LGAbINP5B7WBkC78RXCpH5s=
go.opentelemetry.io/otel/sdk v1.25.0 h1:PDryEJPC8YJZQSyLY5eqLeafHtG+X7FWnf3aXMtxbqo=
go.opentelemetry.io/otel/sdk v1.25.0/go.mod h1:oFgzCM2zdsxKzz6zwpTZYLLQsFwc+K0daArPdIhuxkw=
go.opentelemetry.io/otel/sdk/metric v1.25.0 h1:7CiHOy08LbrxMAp4vWpbiPcklunUshVpAvGBrdDRlGw=
go.opentelemetry.io/otel/sdk/metric v1.25.0/go.mod h1:LzwoKptdbBBdYfvtGCzGwk6GWMA3aUzBOwtQpR6Nz7o=
go.opentelemetry.io/otel/trace v1.25.0 h1:tqukZGLwQYRIFtSQM2u2+yfMVTgGVeqRLPUYx1Dq6RM=
go.opentelemetry.io/otel/trace v1.25.0/go.mod h1:hCCs70XM/ljO+BeQkyFnbK28SBIJ/Emuha+ccrCRT7I=
golang.org/x/crypto v0.0.0-20190308221718-c2843e01d9a2/go.mod h1:djNgcEr1/C05ACkg1iLfiJU5Ep61QUkGW8qpdssI0+w=
golang.org/x/crypto v0.0.0-20210921155107-089bfa567519/go.mod h1:GvvjBRRGRdwPK5ydBHafDWAxML/pGHZbMvKqRZ5+Abc=
golang.org/x/mod v0.6.0-dev.0.20220419223038-86c51ed26bb4/go.mod h1:jJ57K6gSWd91VN4djpZkiMVwK6gcyfeH4XE8wZrZaV4=
golang.org/x/net v0.0.0-20190620200207-3b0461eec859/go.mod h1:z5CRVTTTmAJ677TzLLGU+0bjPO0LkuOLi4/5GtJWs/s=
golang.org/x/net v0.0.0-20210226172049-e18ecbb05110/go.mod h1:m0MpNAwzfU5UDzcl9v0D8zg8gWTRqZa9RBIspLL5mdg=
golang.org/x/net v0.0.0-20220722155237-a158d28d115b/go.mod h1:XRhObCWvk6IyKnWLug+ECip1KBveYUHfp+8e9klMJ9c=
golang.org/x/net v0.22.0 h1:9sGLhx7iRIHEiX0oAJ3MRZMUCElJgy7Br1nO+AMN3Tc=
golang.org/x/net v0.22.0/go.mod h1:JKghWKKOSdJwpW2GEx0Ja7fmaKnMsbu+MWVZTokSYmg=
golang.org/x/oauth2 v0.16.0 h1:aDkGMBSYxElaoP81NpoUoz2oo2R2wHdZpGToUxfyQrQ=
golang.org/x/oauth2 v0.16.0/go.mod h1:hqZ+0LWXsiVoZpeld6jVt06P3adbS2Uu911W1SsJv2o=
golang.org/x/sync v0.0.0-20190423024810-112230192c58/go.mod h1:RxMgew5VJxzue5/jJTE5uejpjVlOe/izrB70Jof72aM=
golang.org/x/sync v0.0.0-20220722155255-886fb9371eb4/go.mod h1:RxMgew5VJxzue5/jJTE5uejpjVlOe/izrB70Jof72aM=
golang.org/x/sys v0.0.0-20190215142949-d0b11bdaac8a/go.mod h1:STP8DvDyc/dI5b8T5hshtkjS+E42TnysNCUPdjciGhY=
golang.org/x/sys v0.0.0-20201119102817-f84b799fce68/go.mod h1:h1NjWce9XRLGQEsW7wpKNCjG9DtNlClVuFLEZdDNbEs=
golang.org/x/sys v0.0.0-20210615035016-665e8c7367d1/go.mod h1:oPkhp1MJrh7nUepCBck5+mAzfO9JrbApNNgaTdGDITg=
golang.org/x/sys v0.0.0-20220520151302-bc2c85ada10a/go.mod h1:oPkhp1MJrh7nUepCBck5+mAzfO9JrbApNNgaTdGDITg=
golang.org/x/sys v0.0.0-20220722155257-8c9f86f7a55f/go.mod h1:oPkhp1MJrh7nUepCBck5+mAzfO9JrbApNNgaTdGDITg=
golang.org/x/sys v0.18.0 h1:DBdB3niSjOA/O0blCZBqDefyWNYveAYMNF1Wum0DYQ4=
golang.org/x/sys v0.18.0/go.mod h1:/VUhepiaJMQUp4+oa/7Zr1D23ma6VTLIYjOOTFZPUcA=
golang.org/x/term v0.0.0-20201126162022-7de9c90e9dd1/go.mod h1:bj7SfCRtBDWHUb9snDiAeCFNEtKQo2Wmx5Cou7ajbmo=
golang.org/x/term v0.0.0-20210927222741-03fcf44c2211/go.mod h1:jbD1KX2456YbFQfuXm/mYQcufACuNUgVhRMnK/tPxf8=
golang.org/x/text v0.3.0/go.mod h1:NqM8EUOU14njkJ3fqMW+pc6Ldnwhi/IjpwHt7yyuwOQ=
golang.org/x/text v0.3.3/go.mod h1:5Zoc/QRtKVWzQhOtBMvqHzDpF6irO9z98xDceosuGiQ=
golang.org/x/text v0.3.7/go.mod h1:u+2+/6zg+i71rQMx5EYifcz6MCKuco9NR6JIITiCfzQ=
golang.org/x/text v0.3.8/go.mod h1:E6s5w1FMmriuDzIBO73fBruAKo1PCIq6d2Q6DHfQ8WQ=
golang.org/x/text v0.14.0 h1:ScX5w1eTa3QqT8oi6+ziP7dTV1S2+ALU0bI+0zXKWiQ=
golang.org/x/text v0.14.0/go.mod h1:18ZOQIKpY8NJVqYksKHtTdi31H5itFRjB5/qKTNYzSU=
golang.org/x/tools v0.0.0-20180917221912-90fa682c2a6e/go.mod h1:n7NCudcB/nEzxVGmLbDWY5pfWTLqBcC2KZ6jyYvM4mQ=
golang.org/x/tools v0.0.0-20191119224855-298f0cb1881e/go.mod h1:b+2E5dAYhXwXZwtnZ6UAqBI28+e2cm9otk0dWdXHAEo=
golang.org/x/tools v0.1.12/go.mod h1:hNGJHUnrk76NpqgfD5Aqm5Crs+Hm0VOH/i9J2+nxYbc=
golang.org/x/xerrors v0.0.0-20190717185122-a985d3407aa7/go.mod h1:I/5z698sn9Ka8TeJc9MKroUUfqBBauWjQqLJ2OPfmY0=
golang.org/x/xerrors v0.0.0-20191204190536-9bdfabe68543/go.mod h1:I/5z698sn9Ka8TeJc9MKroUUfqBBauWjQqLJ2OPfmY0=
google.golang.org/appengine v1.6.8 h1:IhEN5q69dyKagZPYMSdIjS2HqprW324FRQZJcGqPAsM=
google.golang.org/appengine v1.6.8/go.mod h1:1jJ3jBArFh5pcgW8gCtRJnepW8FzD1V44FJffLiz/Ds=
google.golang.org/genproto/googleapis/rpc v0.0.0-20240318140521-94a12d6c2237 h1:NnYq6UN9ReLM9/Y01KWNOWyI5xQ9kbIms5GGJVwS/Yc=
google.golang.org/genproto/googleapis/rpc v0.0.0-20240318140521-94a12d6c2237/go.mod h1:WtryC6hu0hhx87FDGxWCDptyssuo68sk10vYjF+T9fY=
google.golang.org/grpc v1.62.1 h1:B4n+nfKzOICUXMgyrNd19h/I9oH0L1pizfk1d4zSgTk=
google.golang.org/grpc v1.62.1/go.mod h1:IWTG0VlJLCh1SkC58F7np9ka9mx/WNkjl4PGJaiq+QE=
google.golang.org/protobuf v1.26.0-rc.1/go.mod h1:jlhhOSvTdKEhbULTjvd4ARK9grFBp09yW+WbY/TyQbw=
google.golang.org/protobuf v1.26.0/go.mod h1:9q0QmTI4eRPtz6boOQmLYwt+qCgq0jsYwAQnmE0givc=
google.golang.org/protobuf v1.33.0 h1:uNO2rsAINq/JlFpSdYEKIZ0uKD/R9cpdv0T+yoGwGmI=
google.golang.org/protobuf v1.33.0/go.mod h1:c6P6GXX6sHbq/GpV6MGZEdwhWPcYBgnhAHhKbcUYpos=
gopkg.in/check.v1 v0.0.0-20161208181325-20d25e280405 h1:yhCVgyC4o1eVCa2tZl7eS0r+SDo693bJlVdllGtEeKM=
gopkg.in/check.v1 v0.0.0-20161208181325-20d25e280405/go.mod h1:Co6ibVJAznAaIkqp8huTwlJQCZ016jof/cbN4VW5Yz0=
gopkg.in/yaml.v3 v3.0.1 h1:fxVm/GzAzEWqLHuvctI91KS9hhNmmWOoWu0XTYJS7CA=
gopkg.in/yaml.v3 v3.0.1/go.mod h1:K4uyk7z7BCEPqu6E+C64Yfv1cQ7kz7rIZviUmN+EgEM=
